// !$*UTF8*$!
{
	archiveVersion = 1;
	classes = {
	};
	objectVersion = 77;
	objects = {

/* Begin PBXBuildFile section */
		02B95F4164002C8112F7FF69 /* header.glsl in Resources */ = {isa = PBXBuildFile; fileRef = 8AD783A64CF61D2D652FAB61 /* header.glsl */; };
		07365278A603945F7E6E1A17 /* CameraPreviewView.swift in Sources */ = {isa = PBXBuildFile; fileRef = 869CA0089EF9A9086CF46CDD /* CameraPreviewView.swift */; };
		0A4DCD4ED0BC7AD77D28C7CA /* FilterSelectorView.swift in Sources */ = {isa = PBXBuildFile; fileRef = C4BE96725ECD1C7890EB1341 /* FilterSelectorView.swift */; };
		0C4ADC235DCD97F0C3C6FBEF /* warp_gpupixel_bigeye.glsl in Resources */ = {isa = PBXBuildFile; fileRef = F2DDFC0E954555C1F72B1B36 /* warp_gpupixel_bigeye.glsl */; };
		129718B17B99E5C639286611 /* lut.metal in Sources */ = {isa = PBXBuildFile; fileRef = 751CF5B50D368B211FB98CC9 /* lut.metal */; };
		1BC7B58E07F8544372A6FAF1 /* style_sketch.jpg in Resources */ = {isa = PBXBuildFile; fileRef = 465072E90835854C0BB94670 /* style_sketch.jpg */; };
		1EA4ADB6DDB7E5D74BE03E68 /* uniforms.glsl in Resources */ = {isa = PBXBuildFile; fileRef = 7AF5981E2CF81D39CA8F1D4E /* uniforms.glsl */; };
		219579F40FFF07709C6D15FE /* SharedKit.xcframework in Embed Frameworks */ = {isa = PBXBuildFile; fileRef = CC41DCB87540E6D688628F0A /* SharedKit.xcframework */; settings = {ATTRIBUTES = (CodeSignOnCopy, RemoveHeadersOnCopy, ); }; };
		260E4311000FDC765046C230 /* style_toon.jpg in Resources */ = {isa = PBXBuildFile; fileRef = 208FB42EC26DD2512D125212 /* style_toon.jpg */; };
		2698953D0DF2E4018419A862 /* pass_smoothing.glsl in Resources */ = {isa = PBXBuildFile; fileRef = 1C29B9DDC26C0D1533A26922 /* pass_smoothing.glsl */; };
		31B024CF0DAE02B4CB32A741 /* filter_cool.jpg in Resources */ = {isa = PBXBuildFile; fileRef = 19E9945F654B020C6566537E /* filter_cool.jpg */; };
		37177FFD15246A2E2EEAABD8 /* colorgrade.glsl in Resources */ = {isa = PBXBuildFile; fileRef = 96CA1F38FF1A0F44AB30361F /* colorgrade.glsl */; };
		3F399053A84535E4AE0A9677 /* SplashPlaceholder.swift in Sources */ = {isa = PBXBuildFile; fileRef = 63F061C52E7FEBDF0243C627 /* SplashPlaceholder.swift */; };
		421B4C1A5002DD3260AC94BF /* GalleryPermissionStore.swift in Sources */ = {isa = PBXBuildFile; fileRef = EDBC641065816F5E671167F5 /* GalleryPermissionStore.swift */; };
		44041290B39A46AF68241024 /* toon.glsl in Resources */ = {isa = PBXBuildFile; fileRef = B0555EBC28CEC0FEB6DA53D5 /* toon.glsl */; };
		45E4893896C27EA09C0CD9D5 /* MediaPagerView.swift in Sources */ = {isa = PBXBuildFile; fileRef = ACE07890AFDDB71794CC3A45 /* MediaPagerView.swift */; };
		46CC53E224479B01AA336390 /* CameraGesturesView.swift in Sources */ = {isa = PBXBuildFile; fileRef = 4E814725E348604FB1249080 /* CameraGesturesView.swift */; };
		4A60A79E677FB6436BDABE77 /* FilterColorMatrix.swift in Sources */ = {isa = PBXBuildFile; fileRef = 9170B0DCDBBCB35CD652B729 /* FilterColorMatrix.swift */; };
		4E0C0DEEA6368AF7E6FEE79F /* ThumbnailView.swift in Sources */ = {isa = PBXBuildFile; fileRef = 3A700C834F1D848D1524FB35 /* ThumbnailView.swift */; };
		502EF08CA133FFF5241E6ED8 /* BeautyUniforms.swift in Sources */ = {isa = PBXBuildFile; fileRef = 8219BE2FD1EEEE7D20D6440F /* BeautyUniforms.swift */; };
		52D8E506130D00E40086ED87 /* MediaPipe468Adapter.swift in Sources */ = {isa = PBXBuildFile; fileRef = DE66107B83CDF29F64EC8631 /* MediaPipe468Adapter.swift */; };
		53F1B9C536D419B6EF6DE31F /* filter_warm.jpg in Resources */ = {isa = PBXBuildFile; fileRef = D39F5BD19741E0DAE501ABAE /* filter_warm.jpg */; };
		541616028A46ADAB12B4FAE2 /* BeautyRenderer.swift in Sources */ = {isa = PBXBuildFile; fileRef = CA79CD36D14EBA313ED076B6 /* BeautyRenderer.swift */; };
		56CEBB4E47E3EAB874ECFF37 /* GroupHeaderView.swift in Sources */ = {isa = PBXBuildFile; fileRef = 054E42C5A185C15A17AD61F3 /* GroupHeaderView.swift */; };
		571A8D715CFFF2BEADEDEF37 /* header_2d.glsl in Resources */ = {isa = PBXBuildFile; fileRef = BEF7BF9D511C84FC4E3134C3 /* header_2d.glsl */; };
		5C7469D379D5FDBE913C7A1F /* pass_vertex_warp.glsl in Resources */ = {isa = PBXBuildFile; fileRef = 9A6DB0D237ACD9AC9F234592 /* pass_vertex_warp.glsl */; };
		61F771F6F9CBADACFA90A79F /* blush.glsl in Resources */ = {isa = PBXBuildFile; fileRef = DFDB1E322FB94173303A4A3C /* blush.glsl */; };
		625E893783899FE872B02BBE /* main.glsl in Resources */ = {isa = PBXBuildFile; fileRef = 573E6B3DCDAC92DE721766C0 /* main.glsl */; };
		628AC7AFF94B7A614994527A /* makeup_vertex.glsl in Resources */ = {isa = PBXBuildFile; fileRef = 744FC40A3ABFCFA403A528A9 /* makeup_vertex.glsl */; };
		63B8E69E9DADC1B81900EE79 /* BeautyPanelView.swift in Sources */ = {isa = PBXBuildFile; fileRef = B81A4B26CD6DD56434AD3788 /* BeautyPanelView.swift */; };
		66F6CD6D48132A5E0A38E5EF /* filter_leica_bw.jpg in Resources */ = {isa = PBXBuildFile; fileRef = 708AD18E511325135DAF91EA /* filter_leica_bw.jpg */; };
		6FEE791AA0E845AE236F4674 /* warp_gpupixel_thinface.glsl in Resources */ = {isa = PBXBuildFile; fileRef = 8FFD6A37722BE84ED4472950 /* warp_gpupixel_thinface.glsl */; };
		70FAAABF8E40FB24CE27E90E /* Localizable.xcstrings in Resources */ = {isa = PBXBuildFile; fileRef = DBA8B1BBE8B0386DE9C658D2 /* Localizable.xcstrings */; };
		750820CCE3A7D3B6EDA48C30 /* AlbumListView.swift in Sources */ = {isa = PBXBuildFile; fileRef = 0D35CCF02376AE40DF4712E7 /* AlbumListView.swift */; };
		766A0D1EC22AC9F416E0ED81 /* PoLangApp.swift in Sources */ = {isa = PBXBuildFile; fileRef = ED712A1A6814D25FAC4DA013 /* PoLangApp.swift */; };
		7B60ABD16E0CAFCF8421B0A8 /* makeup_fragment.glsl in Resources */ = {isa = PBXBuildFile; fileRef = 3A3FB2C4FAE3BB1D3C7DCDFF /* makeup_fragment.glsl */; };
		7E95C8297E6943FC0B1C54C4 /* posterize.glsl in Resources */ = {isa = PBXBuildFile; fileRef = 2AC67E2991BA9D12A2CA6A5B /* posterize.glsl */; };
		7FD1A323B2D1C665CB81E97E /* AppTopBar.swift in Sources */ = {isa = PBXBuildFile; fileRef = 3ADB6F5F78D82B5DB3F19ADB /* AppTopBar.swift */; };
		7FDB32739C2F9C6F11629240 /* warp.metal in Sources */ = {isa = PBXBuildFile; fileRef = B4EFCE33976789A3F5CEE4A1 /* warp.metal */; };
		839DD0216062B2611E17B376 /* smoothing.metal in Sources */ = {isa = PBXBuildFile; fileRef = D8E499C6756329887C1D2B75 /* smoothing.metal */; };
		857C25A578D1838AB4CFDC7D /* uniforms_2d.glsl in Resources */ = {isa = PBXBuildFile; fileRef = 2D24E589EFF4520740888727 /* uniforms_2d.glsl */; };
		864B01A9B8626C222182288B /* PhotoCaptureController.swift in Sources */ = {isa = PBXBuildFile; fileRef = 14AAC64D210D06DC4DF2440B /* PhotoCaptureController.swift */; };
		87ED9804A2E24FCBD3287EC1 /* lookup_origin.png in Resources */ = {isa = PBXBuildFile; fileRef = E4FEFC22738F13C0DBB36720 /* lookup_origin.png */; };
		89816722C7FC76BBB2734A62 /* style_crosshatch.jpg in Resources */ = {isa = PBXBuildFile; fileRef = 7207D4C4B5C13012B6FDF26C /* style_crosshatch.jpg */; };
		8C3876312CDC493E3AE89F83 /* DebugOverlay.swift in Sources */ = {isa = PBXBuildFile; fileRef = FA84AFE450D684CE6683483C /* DebugOverlay.swift */; };
		8CE76A371CBDD5BA8B0812E2 /* CaptureSessionController.swift in Sources */ = {isa = PBXBuildFile; fileRef = 3E93087AE572702CA8FBAD36 /* CaptureSessionController.swift */; };
		8DFD931D6031B9E613C95288 /* lookup_custom.png in Resources */ = {isa = PBXBuildFile; fileRef = 6B094FFCAF6F43CF17C095A6 /* lookup_custom.png */; };
		96371307A50BBA11C6BF5389 /* PhMediaBridge.swift in Sources */ = {isa = PBXBuildFile; fileRef = 2EF6D91FB337E030BB9D5A67 /* PhMediaBridge.swift */; };
		96A05E19E7292A52F35AC2F1 /* vertex_nearby.glsl in Resources */ = {isa = PBXBuildFile; fileRef = 0FA7E999081E0CB0E15B9139 /* vertex_nearby.glsl */; };
		96C35D7B0AD615FF31A35F4A /* pass_vertex.glsl in Resources */ = {isa = PBXBuildFile; fileRef = EF3C98D7AD04591D1B30D372 /* pass_vertex.glsl */; };
		96C9D925B16F279E478DC6F6 /* ShutterButton.swift in Sources */ = {isa = PBXBuildFile; fileRef = 0E00D583E146B66471746DCC /* ShutterButton.swift */; };
		97B3065D55D646FAFFCEFC3B /* GalleryQuotes.swift in Sources */ = {isa = PBXBuildFile; fileRef = 9AC1E3B90ED4EF3284152010 /* GalleryQuotes.swift */; };
		9BC5DEF8C6EE340B53DE89AB /* PrivacyInfo.xcprivacy in Resources */ = {isa = PBXBuildFile; fileRef = 9AC61CC2B709D14F9A897C3E /* PrivacyInfo.xcprivacy */; };
		9E4A2019E01B2465B0F0BF05 /* style_posterize.jpg in Resources */ = {isa = PBXBuildFile; fileRef = A680FCE28CCB1B00676034EF /* style_posterize.jpg */; };
		9E95D1212CC80EA1F89646FF /* GalleryViewModel.swift in Sources */ = {isa = PBXBuildFile; fileRef = C9ECC85724F2FCD13579A6A5 /* GalleryViewModel.swift */; };
		A0A3939941FEA192BDAEBA89 /* KotlinBridgeTests.swift in Sources */ = {isa = PBXBuildFile; fileRef = FB7DDB9AA3EB6FECD6DC99F9 /* KotlinBridgeTests.swift */; };
		A7527CFC233CC608F9480E4A /* yuv.metal in Sources */ = {isa = PBXBuildFile; fileRef = 175EE3057E19CDBB368307D2 /* yuv.metal */; };
		A9994258141CEA96055F7D87 /* filter_film_fuji.jpg in Resources */ = {isa = PBXBuildFile; fileRef = 98CBC92EE8294E51846209E0 /* filter_film_fuji.jpg */; };
		B261D9F463A101179F5E91A9 /* face_landmarker.task in Resources */ = {isa = PBXBuildFile; fileRef = 883F0DBDA2A4738B912E90B6 /* face_landmarker.task */; };
		B7BCE1CA453AECD1425F4EBF /* vertex.glsl in Resources */ = {isa = PBXBuildFile; fileRef = 59D25B8BCA7E3CE561F16C13 /* vertex.glsl */; };
		B83495947492D9975647903F /* AppContainer.swift in Sources */ = {isa = PBXBuildFile; fileRef = 3A5B90E76EDE65127C152D3F /* AppContainer.swift */; };
		B9043ADC2A178AB770A5ACDE /* MediaPipe468AdapterTests.swift in Sources */ = {isa = PBXBuildFile; fileRef = 6E4DC14E063880CCDE23F5C7 /* MediaPipe468AdapterTests.swift */; };
		BFF999A62299756671BF1777 /* filter_leica_classic.jpg in Resources */ = {isa = PBXBuildFile; fileRef = E14A14BBFFC01FC92864A32D /* filter_leica_classic.jpg */; };
		C016D431CCF19C13A861FF5C /* crosshatch.glsl in Resources */ = {isa = PBXBuildFile; fileRef = 9B21C44BE272D5CD0966B151 /* crosshatch.glsl */; };
		C37BF5E640FD70C702BA58FD /* PermissionMessageView.swift in Sources */ = {isa = PBXBuildFile; fileRef = A707C341F677AB65EE492C0A /* PermissionMessageView.swift */; };
		C7CD1F5DB359056E94110D7B /* sketch.glsl in Resources */ = {isa = PBXBuildFile; fileRef = ABA8E171BB0BC08972B1EDAA /* sketch.glsl */; };
		C8CAEDA6F7D259615658AFFF /* warp.glsl in Resources */ = {isa = PBXBuildFile; fileRef = 0437EEE98944C9F8775F8754 /* warp.glsl */; };
		C9A1926424B5B9781FF77DC9 /* emboss.glsl in Resources */ = {isa = PBXBuildFile; fileRef = 34AF2E4A946ED0AE14B6F2BD /* emboss.glsl */; };
		CAFAB14A11EE904A2E6AF86B /* beauty.metal in Sources */ = {isa = PBXBuildFile; fileRef = 2ED0670689A5736B364FBB4B /* beauty.metal */; };
		CC798EECEACF1B07E599136F /* lookup_skin.png in Resources */ = {isa = PBXBuildFile; fileRef = 7F2D8E7BEE683AA02A228C3F /* lookup_skin.png */; };
		CD20B05E26712D9420FFE379 /* GalleryViewModelTests.swift in Sources */ = {isa = PBXBuildFile; fileRef = 9A56B0FF61F4749730E8C3FB /* GalleryViewModelTests.swift */; };
		CEB9B0B62271742C66766CE3 /* ThumbnailLoader.swift in Sources */ = {isa = PBXBuildFile; fileRef = 3985D1D8B853E66ADD4B1972 /* ThumbnailLoader.swift */; };
		CEDBD1E0A44695B733CEC238 /* KotlinBridge.swift in Sources */ = {isa = PBXBuildFile; fileRef = AB9292B1C4D96A59E00D4B2C /* KotlinBridge.swift */; };
		D7445FBD0D3723F9C5B9F8DB /* SharedKit.xcframework in Frameworks */ = {isa = PBXBuildFile; fileRef = CC41DCB87540E6D688628F0A /* SharedKit.xcframework */; };
		D98EB5718D9557AF5A71CBBE /* Pods_PoLang.framework in Frameworks */ = {isa = PBXBuildFile; fileRef = 61AEA946BC3E7CCB0CA259D1 /* Pods_PoLang.framework */; };
		DA7F2EEB98E9ED4D2260C587 /* filter_none.jpg in Resources */ = {isa = PBXBuildFile; fileRef = 18B38F0B56AAFA280C48DBA9 /* filter_none.jpg */; };
		DBEBB7307C30319A6D662D89 /* filter_film_gold.jpg in Resources */ = {isa = PBXBuildFile; fileRef = A667F6D674993D4BFFACADAE /* filter_film_gold.jpg */; };
		DC91170D461DFA6A10499F2E /* lip.glsl in Resources */ = {isa = PBXBuildFile; fileRef = FC5F55B84DA5E216878FE934 /* lip.glsl */; };
		E0D744918B0EDFFFCFFBE97C /* GalleryGridView.swift in Sources */ = {isa = PBXBuildFile; fileRef = 554183143B01A583842A694F /* GalleryGridView.swift */; };
		E2B1D1818837A65FB5567E2A /* style_emboss.jpg in Resources */ = {isa = PBXBuildFile; fileRef = FAFA7A32551B661742655047 /* style_emboss.jpg */; };
		E8B3418A9BA916448EF5DAE2 /* GalleryPermissionStoreTests.swift in Sources */ = {isa = PBXBuildFile; fileRef = 386FF37E749F7039E0397D59 /* GalleryPermissionStoreTests.swift */; };
		E9E0E6BE888CF79E97D72DD5 /* pass_copy.glsl in Resources */ = {isa = PBXBuildFile; fileRef = 544270F43FFE71FBE6E999D9 /* pass_copy.glsl */; };
		ED81A6E1A485873EDC38661D /* FaceLandmarkService.swift in Sources */ = {isa = PBXBuildFile; fileRef = 996EC8F5EA609D29F831E143 /* FaceLandmarkService.swift */; };
		F0B71A4856B6E4ED9024EDF0 /* filter_vintage.jpg in Resources */ = {isa = PBXBuildFile; fileRef = FC53C2F63A360A3929A4F4CB /* filter_vintage.jpg */; };
		F0BCB2E607080E697DDE4DFA /* lookup_gray.png in Resources */ = {isa = PBXBuildFile; fileRef = E54B9307579373FDA2AC97AC /* lookup_gray.png */; };
		F25625604E94262846344EB7 /* lookup_light.png in Resources */ = {isa = PBXBuildFile; fileRef = 2168B078C73C5489EB33A040 /* lookup_light.png */; };
		F6D8FFCB5FE7D700758E4DCA /* filter_leica_vibrant.jpg in Resources */ = {isa = PBXBuildFile; fileRef = 961C42B388D95216E6657229 /* filter_leica_vibrant.jpg */; };
		F725873BF634B6FEBE7F1F97 /* MainTabView.swift in Sources */ = {isa = PBXBuildFile; fileRef = EB113CF5ACB11975814F60B2 /* MainTabView.swift */; };
		FECBF1514563E1A6A536A4DE /* skin.glsl in Resources */ = {isa = PBXBuildFile; fileRef = 80D06F8B8BAD46C11E20272B /* skin.glsl */; };
/* End PBXBuildFile section */

/* Begin PBXContainerItemProxy section */
		BA31BAF6354DECA4EF89FB8E /* PBXContainerItemProxy */ = {
			isa = PBXContainerItemProxy;
			containerPortal = EA631449E0F46B245CC09B00 /* Project object */;
			proxyType = 1;
			remoteGlobalIDString = 0CA52C3C847779FB4E443F87;
			remoteInfo = PoLang;
		};
/* End PBXContainerItemProxy section */

/* Begin PBXCopyFilesBuildPhase section */
		97A0F1164F5F2E19FA4673EB /* Embed Frameworks */ = {
			isa = PBXCopyFilesBuildPhase;
			buildActionMask = 2147483647;
			dstPath = "";
			dstSubfolderSpec = 10;
			files = (
				219579F40FFF07709C6D15FE /* SharedKit.xcframework in Embed Frameworks */,
			);
			name = "Embed Frameworks";
			runOnlyForDeploymentPostprocessing = 0;
		};
/* End PBXCopyFilesBuildPhase section */

/* Begin PBXFileReference section */
		0437EEE98944C9F8775F8754 /* warp.glsl */ = {isa = PBXFileReference; path = warp.glsl; sourceTree = "<group>"; };
		054E42C5A185C15A17AD61F3 /* GroupHeaderView.swift */ = {isa = PBXFileReference; lastKnownFileType = sourcecode.swift; path = GroupHeaderView.swift; sourceTree = "<group>"; };
		0D35CCF02376AE40DF4712E7 /* AlbumListView.swift */ = {isa = PBXFileReference; lastKnownFileType = sourcecode.swift; path = AlbumListView.swift; sourceTree = "<group>"; };
		0E00D583E146B66471746DCC /* ShutterButton.swift */ = {isa = PBXFileReference; lastKnownFileType = sourcecode.swift; path = ShutterButton.swift; sourceTree = "<group>"; };
		0FA7E999081E0CB0E15B9139 /* vertex_nearby.glsl */ = {isa = PBXFileReference; path = vertex_nearby.glsl; sourceTree = "<group>"; };
		14AAC64D210D06DC4DF2440B /* PhotoCaptureController.swift */ = {isa = PBXFileReference; lastKnownFileType = sourcecode.swift; path = PhotoCaptureController.swift; sourceTree = "<group>"; };
		175EE3057E19CDBB368307D2 /* yuv.metal */ = {isa = PBXFileReference; lastKnownFileType = sourcecode.metal; path = yuv.metal; sourceTree = "<group>"; };
		18B38F0B56AAFA280C48DBA9 /* filter_none.jpg */ = {isa = PBXFileReference; lastKnownFileType = image.jpeg; path = filter_none.jpg; sourceTree = "<group>"; };
		19E9945F654B020C6566537E /* filter_cool.jpg */ = {isa = PBXFileReference; lastKnownFileType = image.jpeg; path = filter_cool.jpg; sourceTree = "<group>"; };
		1C29B9DDC26C0D1533A26922 /* pass_smoothing.glsl */ = {isa = PBXFileReference; path = pass_smoothing.glsl; sourceTree = "<group>"; };
		208FB42EC26DD2512D125212 /* style_toon.jpg */ = {isa = PBXFileReference; lastKnownFileType = image.jpeg; path = style_toon.jpg; sourceTree = "<group>"; };
		2168B078C73C5489EB33A040 /* lookup_light.png */ = {isa = PBXFileReference; lastKnownFileType = image.png; path = lookup_light.png; sourceTree = "<group>"; };
		2AC67E2991BA9D12A2CA6A5B /* posterize.glsl */ = {isa = PBXFileReference; path = posterize.glsl; sourceTree = "<group>"; };
		2D24E589EFF4520740888727 /* uniforms_2d.glsl */ = {isa = PBXFileReference; path = uniforms_2d.glsl; sourceTree = "<group>"; };
		2ED0670689A5736B364FBB4B /* beauty.metal */ = {isa = PBXFileReference; lastKnownFileType = sourcecode.metal; path = beauty.metal; sourceTree = "<group>"; };
		2EF6D91FB337E030BB9D5A67 /* PhMediaBridge.swift */ = {isa = PBXFileReference; lastKnownFileType = sourcecode.swift; path = PhMediaBridge.swift; sourceTree = "<group>"; };
		34AF2E4A946ED0AE14B6F2BD /* emboss.glsl */ = {isa = PBXFileReference; path = emboss.glsl; sourceTree = "<group>"; };
		386FF37E749F7039E0397D59 /* GalleryPermissionStoreTests.swift */ = {isa = PBXFileReference; lastKnownFileType = sourcecode.swift; path = GalleryPermissionStoreTests.swift; sourceTree = "<group>"; };
		3985D1D8B853E66ADD4B1972 /* ThumbnailLoader.swift */ = {isa = PBXFileReference; lastKnownFileType = sourcecode.swift; path = ThumbnailLoader.swift; sourceTree = "<group>"; };
		3A3FB2C4FAE3BB1D3C7DCDFF /* makeup_fragment.glsl */ = {isa = PBXFileReference; path = makeup_fragment.glsl; sourceTree = "<group>"; };
		3A5B90E76EDE65127C152D3F /* AppContainer.swift */ = {isa = PBXFileReference; lastKnownFileType = sourcecode.swift; path = AppContainer.swift; sourceTree = "<group>"; };
		3A700C834F1D848D1524FB35 /* ThumbnailView.swift */ = {isa = PBXFileReference; lastKnownFileType = sourcecode.swift; path = ThumbnailView.swift; sourceTree = "<group>"; };
		3ADB6F5F78D82B5DB3F19ADB /* AppTopBar.swift */ = {isa = PBXFileReference; lastKnownFileType = sourcecode.swift; path = AppTopBar.swift; sourceTree = "<group>"; };
		3E93087AE572702CA8FBAD36 /* CaptureSessionController.swift */ = {isa = PBXFileReference; lastKnownFileType = sourcecode.swift; path = CaptureSessionController.swift; sourceTree = "<group>"; };
		3EAB6A5730E248043961E46F /* PoLang.app */ = {isa = PBXFileReference; includeInIndex = 0; lastKnownFileType = wrapper.application; path = PoLang.app; sourceTree = BUILT_PRODUCTS_DIR; };
		465072E90835854C0BB94670 /* style_sketch.jpg */ = {isa = PBXFileReference; lastKnownFileType = image.jpeg; path = style_sketch.jpg; sourceTree = "<group>"; };
		4E814725E348604FB1249080 /* CameraGesturesView.swift */ = {isa = PBXFileReference; lastKnownFileType = sourcecode.swift; path = CameraGesturesView.swift; sourceTree = "<group>"; };
		544270F43FFE71FBE6E999D9 /* pass_copy.glsl */ = {isa = PBXFileReference; path = pass_copy.glsl; sourceTree = "<group>"; };
		554183143B01A583842A694F /* GalleryGridView.swift */ = {isa = PBXFileReference; lastKnownFileType = sourcecode.swift; path = GalleryGridView.swift; sourceTree = "<group>"; };
		573E6B3DCDAC92DE721766C0 /* main.glsl */ = {isa = PBXFileReference; path = main.glsl; sourceTree = "<group>"; };
		59D25B8BCA7E3CE561F16C13 /* vertex.glsl */ = {isa = PBXFileReference; path = vertex.glsl; sourceTree = "<group>"; };
		607CFDB6671EB294880FAC53 /* Pods-PoLang.release.xcconfig */ = {isa = PBXFileReference; includeInIndex = 1; lastKnownFileType = text.xcconfig; name = "Pods-PoLang.release.xcconfig"; path = "Target Support Files/Pods-PoLang/Pods-PoLang.release.xcconfig"; sourceTree = "<group>"; };
		61AEA946BC3E7CCB0CA259D1 /* Pods_PoLang.framework */ = {isa = PBXFileReference; explicitFileType = wrapper.framework; includeInIndex = 0; path = Pods_PoLang.framework; sourceTree = BUILT_PRODUCTS_DIR; };
		63F061C52E7FEBDF0243C627 /* SplashPlaceholder.swift */ = {isa = PBXFileReference; lastKnownFileType = sourcecode.swift; path = SplashPlaceholder.swift; sourceTree = "<group>"; };
		6B094FFCAF6F43CF17C095A6 /* lookup_custom.png */ = {isa = PBXFileReference; lastKnownFileType = image.png; path = lookup_custom.png; sourceTree = "<group>"; };
		6E4DC14E063880CCDE23F5C7 /* MediaPipe468AdapterTests.swift */ = {isa = PBXFileReference; lastKnownFileType = sourcecode.swift; path = MediaPipe468AdapterTests.swift; sourceTree = "<group>"; };
		708AD18E511325135DAF91EA /* filter_leica_bw.jpg */ = {isa = PBXFileReference; lastKnownFileType = image.jpeg; path = filter_leica_bw.jpg; sourceTree = "<group>"; };
		7207D4C4B5C13012B6FDF26C /* style_crosshatch.jpg */ = {isa = PBXFileReference; lastKnownFileType = image.jpeg; path = style_crosshatch.jpg; sourceTree = "<group>"; };
		744FC40A3ABFCFA403A528A9 /* makeup_vertex.glsl */ = {isa = PBXFileReference; path = makeup_vertex.glsl; sourceTree = "<group>"; };
		751CF5B50D368B211FB98CC9 /* lut.metal */ = {isa = PBXFileReference; lastKnownFileType = sourcecode.metal; path = lut.metal; sourceTree = "<group>"; };
		7AF5981E2CF81D39CA8F1D4E /* uniforms.glsl */ = {isa = PBXFileReference; path = uniforms.glsl; sourceTree = "<group>"; };
		7F2D8E7BEE683AA02A228C3F /* lookup_skin.png */ = {isa = PBXFileReference; lastKnownFileType = image.png; path = lookup_skin.png; sourceTree = "<group>"; };
		80D06F8B8BAD46C11E20272B /* skin.glsl */ = {isa = PBXFileReference; path = skin.glsl; sourceTree = "<group>"; };
		8219BE2FD1EEEE7D20D6440F /* BeautyUniforms.swift */ = {isa = PBXFileReference; lastKnownFileType = sourcecode.swift; path = BeautyUniforms.swift; sourceTree = "<group>"; };
		869CA0089EF9A9086CF46CDD /* CameraPreviewView.swift */ = {isa = PBXFileReference; lastKnownFileType = sourcecode.swift; path = CameraPreviewView.swift; sourceTree = "<group>"; };
		883F0DBDA2A4738B912E90B6 /* face_landmarker.task */ = {isa = PBXFileReference; path = face_landmarker.task; sourceTree = "<group>"; };
		8AD783A64CF61D2D652FAB61 /* header.glsl */ = {isa = PBXFileReference; path = header.glsl; sourceTree = "<group>"; };
		8FFD6A37722BE84ED4472950 /* warp_gpupixel_thinface.glsl */ = {isa = PBXFileReference; path = warp_gpupixel_thinface.glsl; sourceTree = "<group>"; };
		9170B0DCDBBCB35CD652B729 /* FilterColorMatrix.swift */ = {isa = PBXFileReference; lastKnownFileType = sourcecode.swift; path = FilterColorMatrix.swift; sourceTree = "<group>"; };
		961C42B388D95216E6657229 /* filter_leica_vibrant.jpg */ = {isa = PBXFileReference; lastKnownFileType = image.jpeg; path = filter_leica_vibrant.jpg; sourceTree = "<group>"; };
		96B942AD69D4D5352C0711E1 /* PoLangTests.xctest */ = {isa = PBXFileReference; includeInIndex = 0; lastKnownFileType = wrapper.cfbundle; path = PoLangTests.xctest; sourceTree = BUILT_PRODUCTS_DIR; };
		96CA1F38FF1A0F44AB30361F /* colorgrade.glsl */ = {isa = PBXFileReference; path = colorgrade.glsl; sourceTree = "<group>"; };
		98CBC92EE8294E51846209E0 /* filter_film_fuji.jpg */ = {isa = PBXFileReference; lastKnownFileType = image.jpeg; path = filter_film_fuji.jpg; sourceTree = "<group>"; };
		996EC8F5EA609D29F831E143 /* FaceLandmarkService.swift */ = {isa = PBXFileReference; lastKnownFileType = sourcecode.swift; path = FaceLandmarkService.swift; sourceTree = "<group>"; };
		9A56B0FF61F4749730E8C3FB /* GalleryViewModelTests.swift */ = {isa = PBXFileReference; lastKnownFileType = sourcecode.swift; path = GalleryViewModelTests.swift; sourceTree = "<group>"; };
		9A6DB0D237ACD9AC9F234592 /* pass_vertex_warp.glsl */ = {isa = PBXFileReference; path = pass_vertex_warp.glsl; sourceTree = "<group>"; };
		9AC1E3B90ED4EF3284152010 /* GalleryQuotes.swift */ = {isa = PBXFileReference; lastKnownFileType = sourcecode.swift; path = GalleryQuotes.swift; sourceTree = "<group>"; };
		9AC61CC2B709D14F9A897C3E /* PrivacyInfo.xcprivacy */ = {isa = PBXFileReference; path = PrivacyInfo.xcprivacy; sourceTree = "<group>"; };
		9B21C44BE272D5CD0966B151 /* crosshatch.glsl */ = {isa = PBXFileReference; path = crosshatch.glsl; sourceTree = "<group>"; };
		A667F6D674993D4BFFACADAE /* filter_film_gold.jpg */ = {isa = PBXFileReference; lastKnownFileType = image.jpeg; path = filter_film_gold.jpg; sourceTree = "<group>"; };
		A680FCE28CCB1B00676034EF /* style_posterize.jpg */ = {isa = PBXFileReference; lastKnownFileType = image.jpeg; path = style_posterize.jpg; sourceTree = "<group>"; };
		A707C341F677AB65EE492C0A /* PermissionMessageView.swift */ = {isa = PBXFileReference; lastKnownFileType = sourcecode.swift; path = PermissionMessageView.swift; sourceTree = "<group>"; };
		AB9292B1C4D96A59E00D4B2C /* KotlinBridge.swift */ = {isa = PBXFileReference; lastKnownFileType = sourcecode.swift; path = KotlinBridge.swift; sourceTree = "<group>"; };
		ABA8E171BB0BC08972B1EDAA /* sketch.glsl */ = {isa = PBXFileReference; path = sketch.glsl; sourceTree = "<group>"; };
		ACE07890AFDDB71794CC3A45 /* MediaPagerView.swift */ = {isa = PBXFileReference; lastKnownFileType = sourcecode.swift; path = MediaPagerView.swift; sourceTree = "<group>"; };
		B0555EBC28CEC0FEB6DA53D5 /* toon.glsl */ = {isa = PBXFileReference; path = toon.glsl; sourceTree = "<group>"; };
		B4EFCE33976789A3F5CEE4A1 /* warp.metal */ = {isa = PBXFileReference; lastKnownFileType = sourcecode.metal; path = warp.metal; sourceTree = "<group>"; };
		B81A4B26CD6DD56434AD3788 /* BeautyPanelView.swift */ = {isa = PBXFileReference; lastKnownFileType = sourcecode.swift; path = BeautyPanelView.swift; sourceTree = "<group>"; };
		BEF7BF9D511C84FC4E3134C3 /* header_2d.glsl */ = {isa = PBXFileReference; path = header_2d.glsl; sourceTree = "<group>"; };
		C4BE96725ECD1C7890EB1341 /* FilterSelectorView.swift */ = {isa = PBXFileReference; lastKnownFileType = sourcecode.swift; path = FilterSelectorView.swift; sourceTree = "<group>"; };
		C9ECC85724F2FCD13579A6A5 /* GalleryViewModel.swift */ = {isa = PBXFileReference; lastKnownFileType = sourcecode.swift; path = GalleryViewModel.swift; sourceTree = "<group>"; };
		CA79CD36D14EBA313ED076B6 /* BeautyRenderer.swift */ = {isa = PBXFileReference; lastKnownFileType = sourcecode.swift; path = BeautyRenderer.swift; sourceTree = "<group>"; };
		CC41DCB87540E6D688628F0A /* SharedKit.xcframework */ = {isa = PBXFileReference; lastKnownFileType = wrapper.xcframework; name = SharedKit.xcframework; path = ../shared/build/XCFrameworks/debug/SharedKit.xcframework; sourceTree = "<group>"; };
		D39F5BD19741E0DAE501ABAE /* filter_warm.jpg */ = {isa = PBXFileReference; lastKnownFileType = image.jpeg; path = filter_warm.jpg; sourceTree = "<group>"; };
		D64C53CC9CB1AD8FBD03151B /* Pods-PoLang.debug.xcconfig */ = {isa = PBXFileReference; includeInIndex = 1; lastKnownFileType = text.xcconfig; name = "Pods-PoLang.debug.xcconfig"; path = "Target Support Files/Pods-PoLang/Pods-PoLang.debug.xcconfig"; sourceTree = "<group>"; };
		D8E499C6756329887C1D2B75 /* smoothing.metal */ = {isa = PBXFileReference; lastKnownFileType = sourcecode.metal; path = smoothing.metal; sourceTree = "<group>"; };
		DBA8B1BBE8B0386DE9C658D2 /* Localizable.xcstrings */ = {isa = PBXFileReference; lastKnownFileType = text.json.xcstrings; path = Localizable.xcstrings; sourceTree = "<group>"; };
		DE66107B83CDF29F64EC8631 /* MediaPipe468Adapter.swift */ = {isa = PBXFileReference; lastKnownFileType = sourcecode.swift; path = MediaPipe468Adapter.swift; sourceTree = "<group>"; };
		DFDB1E322FB94173303A4A3C /* blush.glsl */ = {isa = PBXFileReference; path = blush.glsl; sourceTree = "<group>"; };
		E14A14BBFFC01FC92864A32D /* filter_leica_classic.jpg */ = {isa = PBXFileReference; lastKnownFileType = image.jpeg; path = filter_leica_classic.jpg; sourceTree = "<group>"; };
		E4FEFC22738F13C0DBB36720 /* lookup_origin.png */ = {isa = PBXFileReference; lastKnownFileType = image.png; path = lookup_origin.png; sourceTree = "<group>"; };
		E54B9307579373FDA2AC97AC /* lookup_gray.png */ = {isa = PBXFileReference; lastKnownFileType = image.png; path = lookup_gray.png; sourceTree = "<group>"; };
		EB113CF5ACB11975814F60B2 /* MainTabView.swift */ = {isa = PBXFileReference; lastKnownFileType = sourcecode.swift; path = MainTabView.swift; sourceTree = "<group>"; };
		ED712A1A6814D25FAC4DA013 /* PoLangApp.swift */ = {isa = PBXFileReference; lastKnownFileType = sourcecode.swift; path = PoLangApp.swift; sourceTree = "<group>"; };
		EDBC641065816F5E671167F5 /* GalleryPermissionStore.swift */ = {isa = PBXFileReference; lastKnownFileType = sourcecode.swift; path = GalleryPermissionStore.swift; sourceTree = "<group>"; };
		EF3C98D7AD04591D1B30D372 /* pass_vertex.glsl */ = {isa = PBXFileReference; path = pass_vertex.glsl; sourceTree = "<group>"; };
		F2DDFC0E954555C1F72B1B36 /* warp_gpupixel_bigeye.glsl */ = {isa = PBXFileReference; path = warp_gpupixel_bigeye.glsl; sourceTree = "<group>"; };
		FA84AFE450D684CE6683483C /* DebugOverlay.swift */ = {isa = PBXFileReference; lastKnownFileType = sourcecode.swift; path = DebugOverlay.swift; sourceTree = "<group>"; };
		FAFA7A32551B661742655047 /* style_emboss.jpg */ = {isa = PBXFileReference; lastKnownFileType = image.jpeg; path = style_emboss.jpg; sourceTree = "<group>"; };
		FB7DDB9AA3EB6FECD6DC99F9 /* KotlinBridgeTests.swift */ = {isa = PBXFileReference; lastKnownFileType = sourcecode.swift; path = KotlinBridgeTests.swift; sourceTree = "<group>"; };
		FC53C2F63A360A3929A4F4CB /* filter_vintage.jpg */ = {isa = PBXFileReference; lastKnownFileType = image.jpeg; path = filter_vintage.jpg; sourceTree = "<group>"; };
		FC5F55B84DA5E216878FE934 /* lip.glsl */ = {isa = PBXFileReference; path = lip.glsl; sourceTree = "<group>"; };
/* End PBXFileReference section */

/* Begin PBXFrameworksBuildPhase section */
		F4B97695DCD20D1B2CCACEF8 /* Frameworks */ = {
			isa = PBXFrameworksBuildPhase;
			buildActionMask = 2147483647;
			files = (
				D7445FBD0D3723F9C5B9F8DB /* SharedKit.xcframework in Frameworks */,
				D98EB5718D9557AF5A71CBBE /* Pods_PoLang.framework in Frameworks */,
			);
			runOnlyForDeploymentPostprocessing = 0;
		};
/* End PBXFrameworksBuildPhase section */

/* Begin PBXGroup section */
		17BEE0AD7EE7B6DBA155AD68 /* Preview */ = {
			isa = PBXGroup;
			children = (
				4E814725E348604FB1249080 /* CameraGesturesView.swift */,
				869CA0089EF9A9086CF46CDD /* CameraPreviewView.swift */,
			);
			path = Preview;
			sourceTree = "<group>";
		};
		50970DF90243399930B6E05C /* Platform */ = {
			isa = PBXGroup;
			children = (
				2EF6D91FB337E030BB9D5A67 /* PhMediaBridge.swift */,
				3985D1D8B853E66ADD4B1972 /* ThumbnailLoader.swift */,
			);
			path = Platform;
			sourceTree = "<group>";
		};
		56867C472681A0EBF2331E8E /* PoLangTests */ = {
			isa = PBXGroup;
			children = (
				386FF37E749F7039E0397D59 /* GalleryPermissionStoreTests.swift */,
				9A56B0FF61F4749730E8C3FB /* GalleryViewModelTests.swift */,
				FB7DDB9AA3EB6FECD6DC99F9 /* KotlinBridgeTests.swift */,
				6E4DC14E063880CCDE23F5C7 /* MediaPipe468AdapterTests.swift */,
			);
			path = PoLangTests;
			sourceTree = "<group>";
		};
		6D664FE66E8055419782743A /* DI */ = {
			isa = PBXGroup;
			children = (
				3A5B90E76EDE65127C152D3F /* AppContainer.swift */,
			);
			path = DI;
			sourceTree = "<group>";
		};
		6F63A55225BB2B7D95A0446B /* Camera */ = {
			isa = PBXGroup;
			children = (
				830C143BA35DFAC12A7C0589 /* Beauty */,
				96D4C6D50A5EC2355236742F /* Capture */,
				17BEE0AD7EE7B6DBA155AD68 /* Preview */,
			);
			path = Camera;
			sourceTree = "<group>";
		};
		73FBD3BBD9194B6417D68642 /* shaders */ = {
			isa = PBXGroup;
			children = (
				DFDB1E322FB94173303A4A3C /* blush.glsl */,
				96CA1F38FF1A0F44AB30361F /* colorgrade.glsl */,
				BEF7BF9D511C84FC4E3134C3 /* header_2d.glsl */,
				8AD783A64CF61D2D652FAB61 /* header.glsl */,
				FC5F55B84DA5E216878FE934 /* lip.glsl */,
				573E6B3DCDAC92DE721766C0 /* main.glsl */,
				3A3FB2C4FAE3BB1D3C7DCDFF /* makeup_fragment.glsl */,
				744FC40A3ABFCFA403A528A9 /* makeup_vertex.glsl */,
				544270F43FFE71FBE6E999D9 /* pass_copy.glsl */,
				1C29B9DDC26C0D1533A26922 /* pass_smoothing.glsl */,
				9A6DB0D237ACD9AC9F234592 /* pass_vertex_warp.glsl */,
				EF3C98D7AD04591D1B30D372 /* pass_vertex.glsl */,
				80D06F8B8BAD46C11E20272B /* skin.glsl */,
				2D24E589EFF4520740888727 /* uniforms_2d.glsl */,
				7AF5981E2CF81D39CA8F1D4E /* uniforms.glsl */,
				F2DDFC0E954555C1F72B1B36 /* warp_gpupixel_bigeye.glsl */,
				8FFD6A37722BE84ED4472950 /* warp_gpupixel_thinface.glsl */,
				0437EEE98944C9F8775F8754 /* warp.glsl */,
				C668A966835B35AACA5C5F35 /* style */,
			);
			path = shaders;
			sourceTree = "<group>";
		};
		7DAAFC1E05F50037FDCD294E /* Resources */ = {
			isa = PBXGroup;
			children = (
				DBA8B1BBE8B0386DE9C658D2 /* Localizable.xcstrings */,
			);
			path = Resources;
			sourceTree = "<group>";
		};
		8048192EE81C1F7D5C7DD0ED /* Gallery */ = {
			isa = PBXGroup;
			children = (
				0D35CCF02376AE40DF4712E7 /* AlbumListView.swift */,
				554183143B01A583842A694F /* GalleryGridView.swift */,
				EDBC641065816F5E671167F5 /* GalleryPermissionStore.swift */,
				C9ECC85724F2FCD13579A6A5 /* GalleryViewModel.swift */,
				ACE07890AFDDB71794CC3A45 /* MediaPagerView.swift */,
				3A700C834F1D848D1524FB35 /* ThumbnailView.swift */,
				FFCBD5353D5C72638740BC70 /* Components */,
			);
			path = Gallery;
			sourceTree = "<group>";
		};
		830C143BA35DFAC12A7C0589 /* Beauty */ = {
			isa = PBXGroup;
			children = (
				B81A4B26CD6DD56434AD3788 /* BeautyPanelView.swift */,
				CA79CD36D14EBA313ED076B6 /* BeautyRenderer.swift */,
				8219BE2FD1EEEE7D20D6440F /* BeautyUniforms.swift */,
				996EC8F5EA609D29F831E143 /* FaceLandmarkService.swift */,
				9170B0DCDBBCB35CD652B729 /* FilterColorMatrix.swift */,
				C4BE96725ECD1C7890EB1341 /* FilterSelectorView.swift */,
				DE66107B83CDF29F64EC8631 /* MediaPipe468Adapter.swift */,
				9F6A51DFFF3C82A39B4A541F /* Assets */,
				DD4950ED6DCA3C7D9A4D0B5D /* Shaders */,
			);
			path = Beauty;
			sourceTree = "<group>";
		};
		8F4E8205994167642795AC7D = {
			isa = PBXGroup;
			children = (
				9AC61CC2B709D14F9A897C3E /* PrivacyInfo.xcprivacy */,
				E649284A36B8CAE637CB9382 /* PoLang */,
				56867C472681A0EBF2331E8E /* PoLangTests */,
				B136476C92F36F4E8180849B /* Frameworks */,
				EF3A9635B03D4E49ED7DD22D /* Products */,
				BA260AFCBE5E4C6109AE643A /* Pods */,
			);
			sourceTree = "<group>";
		};
		96D4C6D50A5EC2355236742F /* Capture */ = {
			isa = PBXGroup;
			children = (
				3E93087AE572702CA8FBAD36 /* CaptureSessionController.swift */,
				14AAC64D210D06DC4DF2440B /* PhotoCaptureController.swift */,
				0E00D583E146B66471746DCC /* ShutterButton.swift */,
			);
			path = Capture;
			sourceTree = "<group>";
		};
		9F6A51DFFF3C82A39B4A541F /* Assets */ = {
			isa = PBXGroup;
			children = (
				883F0DBDA2A4738B912E90B6 /* face_landmarker.task */,
				6B094FFCAF6F43CF17C095A6 /* lookup_custom.png */,
				E54B9307579373FDA2AC97AC /* lookup_gray.png */,
				2168B078C73C5489EB33A040 /* lookup_light.png */,
				E4FEFC22738F13C0DBB36720 /* lookup_origin.png */,
				7F2D8E7BEE683AA02A228C3F /* lookup_skin.png */,
				D68C8D06060336F516BF677F /* filters */,
				73FBD3BBD9194B6417D68642 /* shaders */,
			);
			path = Assets;
			sourceTree = "<group>";
		};
		AB0040085059EF646497BFE9 /* App */ = {
			isa = PBXGroup;
			children = (
				FA84AFE450D684CE6683483C /* DebugOverlay.swift */,
				ED712A1A6814D25FAC4DA013 /* PoLangApp.swift */,
			);
			path = App;
			sourceTree = "<group>";
		};
		AB57EB6EA47F10151402E67A /* Features */ = {
			isa = PBXGroup;
			children = (
				6F63A55225BB2B7D95A0446B /* Camera */,
				8048192EE81C1F7D5C7DD0ED /* Gallery */,
				C1AF83AF5599949CD450471D /* Main */,
			);
			path = Features;
			sourceTree = "<group>";
		};
		AFE8236473EE35F205976D5D /* SharedBridge */ = {
			isa = PBXGroup;
			children = (
				AB9292B1C4D96A59E00D4B2C /* KotlinBridge.swift */,
			);
			path = SharedBridge;
			sourceTree = "<group>";
		};
		B136476C92F36F4E8180849B /* Frameworks */ = {
			isa = PBXGroup;
			children = (
				CC41DCB87540E6D688628F0A /* SharedKit.xcframework */,
				61AEA946BC3E7CCB0CA259D1 /* Pods_PoLang.framework */,
			);
			name = Frameworks;
			sourceTree = "<group>";
		};
		BA260AFCBE5E4C6109AE643A /* Pods */ = {
			isa = PBXGroup;
			children = (
				D64C53CC9CB1AD8FBD03151B /* Pods-PoLang.debug.xcconfig */,
				607CFDB6671EB294880FAC53 /* Pods-PoLang.release.xcconfig */,
			);
			name = Pods;
			path = Pods;
			sourceTree = "<group>";
		};
		C1AF83AF5599949CD450471D /* Main */ = {
			isa = PBXGroup;
			children = (
				EB113CF5ACB11975814F60B2 /* MainTabView.swift */,
			);
			path = Main;
			sourceTree = "<group>";
		};
		C668A966835B35AACA5C5F35 /* style */ = {
			isa = PBXGroup;
			children = (
				9B21C44BE272D5CD0966B151 /* crosshatch.glsl */,
				34AF2E4A946ED0AE14B6F2BD /* emboss.glsl */,
				2AC67E2991BA9D12A2CA6A5B /* posterize.glsl */,
				ABA8E171BB0BC08972B1EDAA /* sketch.glsl */,
				B0555EBC28CEC0FEB6DA53D5 /* toon.glsl */,
				0FA7E999081E0CB0E15B9139 /* vertex_nearby.glsl */,
				59D25B8BCA7E3CE561F16C13 /* vertex.glsl */,
			);
			path = style;
			sourceTree = "<group>";
		};
		D68C8D06060336F516BF677F /* filters */ = {
			isa = PBXGroup;
			children = (
				19E9945F654B020C6566537E /* filter_cool.jpg */,
				98CBC92EE8294E51846209E0 /* filter_film_fuji.jpg */,
				A667F6D674993D4BFFACADAE /* filter_film_gold.jpg */,
				708AD18E511325135DAF91EA /* filter_leica_bw.jpg */,
				E14A14BBFFC01FC92864A32D /* filter_leica_classic.jpg */,
				961C42B388D95216E6657229 /* filter_leica_vibrant.jpg */,
				18B38F0B56AAFA280C48DBA9 /* filter_none.jpg */,
				FC53C2F63A360A3929A4F4CB /* filter_vintage.jpg */,
				D39F5BD19741E0DAE501ABAE /* filter_warm.jpg */,
				7207D4C4B5C13012B6FDF26C /* style_crosshatch.jpg */,
				FAFA7A32551B661742655047 /* style_emboss.jpg */,
				A680FCE28CCB1B00676034EF /* style_posterize.jpg */,
				465072E90835854C0BB94670 /* style_sketch.jpg */,
				208FB42EC26DD2512D125212 /* style_toon.jpg */,
			);
			path = filters;
			sourceTree = "<group>";
		};
		DD4950ED6DCA3C7D9A4D0B5D /* Shaders */ = {
			isa = PBXGroup;
			children = (
				2ED0670689A5736B364FBB4B /* beauty.metal */,
				751CF5B50D368B211FB98CC9 /* lut.metal */,
				D8E499C6756329887C1D2B75 /* smoothing.metal */,
				B4EFCE33976789A3F5CEE4A1 /* warp.metal */,
				175EE3057E19CDBB368307D2 /* yuv.metal */,
			);
			path = Shaders;
			sourceTree = "<group>";
		};
		E649284A36B8CAE637CB9382 /* PoLang */ = {
			isa = PBXGroup;
			children = (
				AB0040085059EF646497BFE9 /* App */,
				6D664FE66E8055419782743A /* DI */,
				AB57EB6EA47F10151402E67A /* Features */,
				50970DF90243399930B6E05C /* Platform */,
				7DAAFC1E05F50037FDCD294E /* Resources */,
				AFE8236473EE35F205976D5D /* SharedBridge */,
			);
			path = PoLang;
			sourceTree = "<group>";
		};
		EF3A9635B03D4E49ED7DD22D /* Products */ = {
			isa = PBXGroup;
			children = (
				3EAB6A5730E248043961E46F /* PoLang.app */,
				96B942AD69D4D5352C0711E1 /* PoLangTests.xctest */,
			);
			name = Products;
			sourceTree = "<group>";
		};
		FFCBD5353D5C72638740BC70 /* Components */ = {
			isa = PBXGroup;
			children = (
				3ADB6F5F78D82B5DB3F19ADB /* AppTopBar.swift */,
				9AC1E3B90ED4EF3284152010 /* GalleryQuotes.swift */,
				054E42C5A185C15A17AD61F3 /* GroupHeaderView.swift */,
				A707C341F677AB65EE492C0A /* PermissionMessageView.swift */,
				63F061C52E7FEBDF0243C627 /* SplashPlaceholder.swift */,
			);
			path = Components;
			sourceTree = "<group>";
		};
/* End PBXGroup section */

/* Begin PBXNativeTarget section */
		0CA52C3C847779FB4E443F87 /* PoLang */ = {
			isa = PBXNativeTarget;
			buildConfigurationList = 0E3BD6BCDB742FD5F8346466 /* Build configuration list for PBXNativeTarget "PoLang" */;
			buildPhases = (
				CA9EE4C4847262284EBE8A7B /* [CP] Check Pods Manifest.lock */,
				CA483D3303F74572124396A4 /* Build SharedKit */,
				61A43808C77E0075A4F8E9C3 /* Sources */,
				A4FC3CFD6CAFCDF14B3A1399 /* Resources */,
				F4B97695DCD20D1B2CCACEF8 /* Frameworks */,
				97A0F1164F5F2E19FA4673EB /* Embed Frameworks */,
			);
			buildRules = (
			);
			dependencies = (
			);
			name = PoLang;
			productName = PoLang;
			productReference = 3EAB6A5730E248043961E46F /* PoLang.app */;
			productType = "com.apple.product-type.application";
		};
		8B5E6BAF2CEC47A1D4FAEB48 /* PoLangTests */ = {
			isa = PBXNativeTarget;
			buildConfigurationList = F18D3FBDCA455240A907C446 /* Build configuration list for PBXNativeTarget "PoLangTests" */;
			buildPhases = (
				68196C92A4D77330ED1E57F5 /* Sources */,
			);
			buildRules = (
			);
			dependencies = (
				1E8327C98216A2051BB7EBE4 /* PBXTargetDependency */,
			);
			name = PoLangTests;
			productName = PoLangTests;
			productReference = 96B942AD69D4D5352C0711E1 /* PoLangTests.xctest */;
			productType = "com.apple.product-type.bundle.unit-test";
		};
/* End PBXNativeTarget section */

/* Begin PBXProject section */
		EA631449E0F46B245CC09B00 /* Project object */ = {
			isa = PBXProject;
			attributes = {
				BuildIndependentTargetsInParallel = YES;
				LastUpgradeCheck = 1430;
				TargetAttributes = {
					0CA52C3C847779FB4E443F87 = {
						DevelopmentTeam = 6NPE45262A;
					};
					8B5E6BAF2CEC47A1D4FAEB48 = {
						DevelopmentTeam = 6NPE45262A;
					};
				};
			};
			buildConfigurationList = 9F46A27A6EB26321B99C85ED /* Build configuration list for PBXProject "PoLang" */;
			developmentRegion = en;
			hasScannedForEncodings = 0;
			knownRegions = (
				Base,
				en,
				ja,
				"zh-Hans",
			);
			mainGroup = 8F4E8205994167642795AC7D;
			minimizedProjectReferenceProxies = 1;
			preferredProjectObjectVersion = 77;
			productRefGroup = EF3A9635B03D4E49ED7DD22D /* Products */;
			projectDirPath = "";
			projectRoot = "";
			targets = (
				0CA52C3C847779FB4E443F87 /* PoLang */,
				8B5E6BAF2CEC47A1D4FAEB48 /* PoLangTests */,
			);
		};
/* End PBXProject section */

/* Begin PBXResourcesBuildPhase section */
		A4FC3CFD6CAFCDF14B3A1399 /* Resources */ = {
			isa = PBXResourcesBuildPhase;
			buildActionMask = 2147483647;
			files = (
				70FAAABF8E40FB24CE27E90E /* Localizable.xcstrings in Resources */,
				9BC5DEF8C6EE340B53DE89AB /* PrivacyInfo.xcprivacy in Resources */,
				61F771F6F9CBADACFA90A79F /* blush.glsl in Resources */,
				37177FFD15246A2E2EEAABD8 /* colorgrade.glsl in Resources */,
				C016D431CCF19C13A861FF5C /* crosshatch.glsl in Resources */,
				C9A1926424B5B9781FF77DC9 /* emboss.glsl in Resources */,
				B261D9F463A101179F5E91A9 /* face_landmarker.task in Resources */,
				31B024CF0DAE02B4CB32A741 /* filter_cool.jpg in Resources */,
				A9994258141CEA96055F7D87 /* filter_film_fuji.jpg in Resources */,
				DBEBB7307C30319A6D662D89 /* filter_film_gold.jpg in Resources */,
				66F6CD6D48132A5E0A38E5EF /* filter_leica_bw.jpg in Resources */,
				BFF999A62299756671BF1777 /* filter_leica_classic.jpg in Resources */,
				F6D8FFCB5FE7D700758E4DCA /* filter_leica_vibrant.jpg in Resources */,
				DA7F2EEB98E9ED4D2260C587 /* filter_none.jpg in Resources */,
				F0B71A4856B6E4ED9024EDF0 /* filter_vintage.jpg in Resources */,
				53F1B9C536D419B6EF6DE31F /* filter_warm.jpg in Resources */,
				02B95F4164002C8112F7FF69 /* header.glsl in Resources */,
				571A8D715CFFF2BEADEDEF37 /* header_2d.glsl in Resources */,
				DC91170D461DFA6A10499F2E /* lip.glsl in Resources */,
				8DFD931D6031B9E613C95288 /* lookup_custom.png in Resources */,
				F0BCB2E607080E697DDE4DFA /* lookup_gray.png in Resources */,
				F25625604E94262846344EB7 /* lookup_light.png in Resources */,
				87ED9804A2E24FCBD3287EC1 /* lookup_origin.png in Resources */,
				CC798EECEACF1B07E599136F /* lookup_skin.png in Resources */,
				625E893783899FE872B02BBE /* main.glsl in Resources */,
				7B60ABD16E0CAFCF8421B0A8 /* makeup_fragment.glsl in Resources */,
				628AC7AFF94B7A614994527A /* makeup_vertex.glsl in Resources */,
				E9E0E6BE888CF79E97D72DD5 /* pass_copy.glsl in Resources */,
				2698953D0DF2E4018419A862 /* pass_smoothing.glsl in Resources */,
				96C35D7B0AD615FF31A35F4A /* pass_vertex.glsl in Resources */,
				5C7469D379D5FDBE913C7A1F /* pass_vertex_warp.glsl in Resources */,
				7E95C8297E6943FC0B1C54C4 /* posterize.glsl in Resources */,
				C7CD1F5DB359056E94110D7B /* sketch.glsl in Resources */,
				FECBF1514563E1A6A536A4DE /* skin.glsl in Resources */,
				89816722C7FC76BBB2734A62 /* style_crosshatch.jpg in Resources */,
				E2B1D1818837A65FB5567E2A /* style_emboss.jpg in Resources */,
				9E4A2019E01B2465B0F0BF05 /* style_posterize.jpg in Resources */,
				1BC7B58E07F8544372A6FAF1 /* style_sketch.jpg in Resources */,
				260E4311000FDC765046C230 /* style_toon.jpg in Resources */,
				44041290B39A46AF68241024 /* toon.glsl in Resources */,
				1EA4ADB6DDB7E5D74BE03E68 /* uniforms.glsl in Resources */,
				857C25A578D1838AB4CFDC7D /* uniforms_2d.glsl in Resources */,
				B7BCE1CA453AECD1425F4EBF /* vertex.glsl in Resources */,
				96A05E19E7292A52F35AC2F1 /* vertex_nearby.glsl in Resources */,
				C8CAEDA6F7D259615658AFFF /* warp.glsl in Resources */,
				0C4ADC235DCD97F0C3C6FBEF /* warp_gpupixel_bigeye.glsl in Resources */,
				6FEE791AA0E845AE236F4674 /* warp_gpupixel_thinface.glsl in Resources */,
			);
			runOnlyForDeploymentPostprocessing = 0;
		};
/* End PBXResourcesBuildPhase section */

/* Begin PBXShellScriptBuildPhase section */
		CA483D3303F74572124396A4 /* Build SharedKit */ = {
			isa = PBXShellScriptBuildPhase;
			alwaysOutOfDate = 1;
			buildActionMask = 2147483647;
			files = (
			);
			inputFileListPaths = (
			);
			inputPaths = (
			);
			name = "Build SharedKit";
			outputFileListPaths = (
			);
			outputPaths = (
			);
			runOnlyForDeploymentPostprocessing = 0;
			shellPath = /bin/sh;
			shellScript = "\"$SRCROOT/scripts/build-shared-kit.sh\"\n";
		};
		CA9EE4C4847262284EBE8A7B /* [CP] Check Pods Manifest.lock */ = {
			isa = PBXShellScriptBuildPhase;
			buildActionMask = 2147483647;
			files = (
			);
			inputFileListPaths = (
			);
			inputPaths = (
				"${PODS_PODFILE_DIR_PATH}/Podfile.lock",
				"${PODS_ROOT}/Manifest.lock",
			);
			name = "[CP] Check Pods Manifest.lock";
			outputFileListPaths = (
			);
			outputPaths = (
				"$(DERIVED_FILE_DIR)/Pods-PoLang-checkManifestLockResult.txt",
			);
			runOnlyForDeploymentPostprocessing = 0;
			shellPath = /bin/sh;
			shellScript = "diff \"${PODS_PODFILE_DIR_PATH}/Podfile.lock\" \"${PODS_ROOT}/Manifest.lock\" > /dev/null\nif [ $? != 0 ] ; then\n    # print error to STDERR\n    echo \"error: The sandbox is not in sync with the Podfile.lock. Run 'pod install' or update your CocoaPods installation.\" >&2\n    exit 1\nfi\n# This output is used by Xcode 'outputs' to avoid re-running this script phase.\necho \"SUCCESS\" > \"${SCRIPT_OUTPUT_FILE_0}\"\n";
			showEnvVarsInLog = 0;
		};
/* End PBXShellScriptBuildPhase section */

/* Begin PBXSourcesBuildPhase section */
		61A43808C77E0075A4F8E9C3 /* Sources */ = {
			isa = PBXSourcesBuildPhase;
			buildActionMask = 2147483647;
			files = (
				750820CCE3A7D3B6EDA48C30 /* AlbumListView.swift in Sources */,
				B83495947492D9975647903F /* AppContainer.swift in Sources */,
				7FD1A323B2D1C665CB81E97E /* AppTopBar.swift in Sources */,
				63B8E69E9DADC1B81900EE79 /* BeautyPanelView.swift in Sources */,
				541616028A46ADAB12B4FAE2 /* BeautyRenderer.swift in Sources */,
				502EF08CA133FFF5241E6ED8 /* BeautyUniforms.swift in Sources */,
				46CC53E224479B01AA336390 /* CameraGesturesView.swift in Sources */,
				07365278A603945F7E6E1A17 /* CameraPreviewView.swift in Sources */,
				8CE76A371CBDD5BA8B0812E2 /* CaptureSessionController.swift in Sources */,
				8C3876312CDC493E3AE89F83 /* DebugOverlay.swift in Sources */,
				ED81A6E1A485873EDC38661D /* FaceLandmarkService.swift in Sources */,
				4A60A79E677FB6436BDABE77 /* FilterColorMatrix.swift in Sources */,
				0A4DCD4ED0BC7AD77D28C7CA /* FilterSelectorView.swift in Sources */,
				E0D744918B0EDFFFCFFBE97C /* GalleryGridView.swift in Sources */,
				421B4C1A5002DD3260AC94BF /* GalleryPermissionStore.swift in Sources */,
				97B3065D55D646FAFFCEFC3B /* GalleryQuotes.swift in Sources */,
				9E95D1212CC80EA1F89646FF /* GalleryViewModel.swift in Sources */,
				56CEBB4E47E3EAB874ECFF37 /* GroupHeaderView.swift in Sources */,
				CEDBD1E0A44695B733CEC238 /* KotlinBridge.swift in Sources */,
				F725873BF634B6FEBE7F1F97 /* MainTabView.swift in Sources */,
				45E4893896C27EA09C0CD9D5 /* MediaPagerView.swift in Sources */,
				52D8E506130D00E40086ED87 /* MediaPipe468Adapter.swift in Sources */,
				C37BF5E640FD70C702BA58FD /* PermissionMessageView.swift in Sources */,
				96371307A50BBA11C6BF5389 /* PhMediaBridge.swift in Sources */,
				864B01A9B8626C222182288B /* PhotoCaptureController.swift in Sources */,
				766A0D1EC22AC9F416E0ED81 /* PoLangApp.swift in Sources */,
				96C9D925B16F279E478DC6F6 /* ShutterButton.swift in Sources */,
				3F399053A84535E4AE0A9677 /* SplashPlaceholder.swift in Sources */,
				CEB9B0B62271742C66766CE3 /* ThumbnailLoader.swift in Sources */,
				4E0C0DEEA6368AF7E6FEE79F /* ThumbnailView.swift in Sources */,
				CAFAB14A11EE904A2E6AF86B /* beauty.metal in Sources */,
				129718B17B99E5C639286611 /* lut.metal in Sources */,
				839DD0216062B2611E17B376 /* smoothing.metal in Sources */,
				7FDB32739C2F9C6F11629240 /* warp.metal in Sources */,
				A7527CFC233CC608F9480E4A /* yuv.metal in Sources */,
			);
			runOnlyForDeploymentPostprocessing = 0;
		};
		68196C92A4D77330ED1E57F5 /* Sources */ = {
			isa = PBXSourcesBuildPhase;
			buildActionMask = 2147483647;
			files = (
				E8B3418A9BA916448EF5DAE2 /* GalleryPermissionStoreTests.swift in Sources */,
				CD20B05E26712D9420FFE379 /* GalleryViewModelTests.swift in Sources */,
				A0A3939941FEA192BDAEBA89 /* KotlinBridgeTests.swift in Sources */,
				B9043ADC2A178AB770A5ACDE /* MediaPipe468AdapterTests.swift in Sources */,
			);
			runOnlyForDeploymentPostprocessing = 0;
		};
/* End PBXSourcesBuildPhase section */

/* Begin PBXTargetDependency section */
		1E8327C98216A2051BB7EBE4 /* PBXTargetDependency */ = {
			isa = PBXTargetDependency;
			target = 0CA52C3C847779FB4E443F87 /* PoLang */;
			targetProxy = BA31BAF6354DECA4EF89FB8E /* PBXContainerItemProxy */;
		};
/* End PBXTargetDependency section */

/* Begin XCBuildConfiguration section */
		278E87368B45080524A20FF0 /* Debug */ = {
			isa = XCBuildConfiguration;
			baseConfigurationReference = D64C53CC9CB1AD8FBD03151B /* Pods-PoLang.debug.xcconfig */;
			buildSettings = {
				ASSETCATALOG_COMPILER_APPICON_NAME = AppIcon;
				CODE_SIGN_IDENTITY = "iPhone Developer";
				CURRENT_PROJECT_VERSION = 1;
				DEVELOPMENT_TEAM = 6NPE45262A;
				FRAMEWORK_SEARCH_PATHS = (
					"$(inherited)",
					"\"../shared/build/XCFrameworks/debug\"",
				);
				GENERATE_INFOPLIST_FILE = YES;
				INFOPLIST_KEY_NSCameraUsageDescription = "PoLang needs camera access for real-time beauty preview and photo capture.";
				INFOPLIST_KEY_NSPhotoLibraryAddUsageDescription = "PoLang needs permission to save beauty-enhanced photos to your library.";
				INFOPLIST_KEY_NSPhotoLibraryUsageDescription = "PoLang needs photo library access to browse and save photos.";
				IPHONEOS_DEPLOYMENT_TARGET = 16.0;
				LD_RUNPATH_SEARCH_PATHS = (
					"$(inherited)",
					"@executable_path/Frameworks",
				);
				MARKETING_VERSION = 0.1.0;
				METAL_LANGUAGE_VERSION = 2.4;
				PRODUCT_BUNDLE_IDENTIFIER = com.mamba.picme;
				SDKROOT = iphoneos;
				SWIFT_VERSION = 5.0;
				TARGETED_DEVICE_FAMILY = 1;
			};
			name = Debug;
		};
		3E3CFAC501548BBC98D26BC8 /* Debug */ = {
			isa = XCBuildConfiguration;
			buildSettings = {
				BUNDLE_LOADER = "$(TEST_HOST)";
				DEVELOPMENT_TEAM = 6NPE45262A;
				GENERATE_INFOPLIST_FILE = YES;
				IPHONEOS_DEPLOYMENT_TARGET = 16.0;
				LD_RUNPATH_SEARCH_PATHS = (
					"$(inherited)",
					"@executable_path/Frameworks",
					"@loader_path/Frameworks",
				);
				PRODUCT_BUNDLE_IDENTIFIER = com.mamba.picme.PoLangTests;
				SDKROOT = iphoneos;
				TARGETED_DEVICE_FAMILY = "1,2";
				TEST_HOST = "$(BUILT_PRODUCTS_DIR)/PoLang.app/$(BUNDLE_EXECUTABLE_FOLDER_PATH)/PoLang";
			};
			name = Debug;
		};
		47F3FAA42394FD727D1CED7F /* Release */ = {
			isa = XCBuildConfiguration;
			buildSettings = {
				ALWAYS_SEARCH_USER_PATHS = NO;
				CLANG_ANALYZER_NONNULL = YES;
				CLANG_ANALYZER_NUMBER_OBJECT_CONVERSION = YES_AGGRESSIVE;
				CLANG_CXX_LANGUAGE_STANDARD = "gnu++14";
				CLANG_CXX_LIBRARY = "libc++";
				CLANG_ENABLE_MODULES = YES;
				CLANG_ENABLE_OBJC_ARC = YES;
				CLANG_ENABLE_OBJC_WEAK = YES;
				CLANG_WARN_BLOCK_CAPTURE_AUTORELEASING = YES;
				CLANG_WARN_BOOL_CONVERSION = YES;
				CLANG_WARN_COMMA = YES;
				CLANG_WARN_CONSTANT_CONVERSION = YES;
				CLANG_WARN_DEPRECATED_OBJC_IMPLEMENTATIONS = YES;
				CLANG_WARN_DIRECT_OBJC_ISA_USAGE = YES_ERROR;
				CLANG_WARN_DOCUMENTATION_COMMENTS = YES;
				CLANG_WARN_EMPTY_BODY = YES;
				CLANG_WARN_ENUM_CONVERSION = YES;
				CLANG_WARN_INFINITE_RECURSION = YES;
				CLANG_WARN_INT_CONVERSION = YES;
				CLANG_WARN_NON_LITERAL_NULL_CONVERSION = YES;
				CLANG_WARN_OBJC_IMPLICIT_RETAIN_SELF = YES;
				CLANG_WARN_OBJC_LITERAL_CONVERSION = YES;
				CLANG_WARN_OBJC_ROOT_CLASS = YES_ERROR;
				CLANG_WARN_QUOTED_INCLUDE_IN_FRAMEWORK_HEADER = YES;
				CLANG_WARN_RANGE_LOOP_ANALYSIS = YES;
				CLANG_WARN_STRICT_PROTOTYPES = YES;
				CLANG_WARN_SUSPICIOUS_MOVE = YES;
				CLANG_WARN_UNGUARDED_AVAILABILITY = YES_AGGRESSIVE;
				CLANG_WARN_UNREACHABLE_CODE = YES;
				CLANG_WARN__DUPLICATE_METHOD_MATCH = YES;
				COPY_PHASE_STRIP = NO;
				DEBUG_INFORMATION_FORMAT = "dwarf-with-dsym";
				ENABLE_NS_ASSERTIONS = NO;
				ENABLE_STRICT_OBJC_MSGSEND = YES;
				GCC_C_LANGUAGE_STANDARD = gnu11;
				GCC_NO_COMMON_BLOCKS = YES;
				GCC_WARN_64_TO_32_BIT_CONVERSION = YES;
				GCC_WARN_ABOUT_RETURN_TYPE = YES_ERROR;
				GCC_WARN_UNDECLARED_SELECTOR = YES;
				GCC_WARN_UNINITIALIZED_AUTOS = YES_AGGRESSIVE;
				GCC_WARN_UNUSED_FUNCTION = YES;
				GCC_WARN_UNUSED_VARIABLE = YES;
				IPHONEOS_DEPLOYMENT_TARGET = 16.0;
				MTL_ENABLE_DEBUG_INFO = NO;
				MTL_FAST_MATH = YES;
				PRODUCT_NAME = "$(TARGET_NAME)";
				SDKROOT = iphoneos;
				SWIFT_COMPILATION_MODE = wholemodule;
				SWIFT_OPTIMIZATION_LEVEL = "-O";
				SWIFT_VERSION = 5.0;
			};
			name = Release;
		};
		8F001B4F239CB6818D3455D8 /* Release */ = {
			isa = XCBuildConfiguration;
			baseConfigurationReference = 607CFDB6671EB294880FAC53 /* Pods-PoLang.release.xcconfig */;
			buildSettings = {
				ASSETCATALOG_COMPILER_APPICON_NAME = AppIcon;
				CODE_SIGN_IDENTITY = "iPhone Developer";
				CURRENT_PROJECT_VERSION = 1;
				DEVELOPMENT_TEAM = 6NPE45262A;
				FRAMEWORK_SEARCH_PATHS = (
					"$(inherited)",
					"\"../shared/build/XCFrameworks/debug\"",
				);
				GENERATE_INFOPLIST_FILE = YES;
				INFOPLIST_KEY_NSCameraUsageDescription = "PoLang needs camera access for real-time beauty preview and photo capture.";
				INFOPLIST_KEY_NSPhotoLibraryAddUsageDescription = "PoLang needs permission to save beauty-enhanced photos to your library.";
				INFOPLIST_KEY_NSPhotoLibraryUsageDescription = "PoLang needs photo library access to browse and save photos.";
				IPHONEOS_DEPLOYMENT_TARGET = 16.0;
				LD_RUNPATH_SEARCH_PATHS = (
					"$(inherited)",
					"@executable_path/Frameworks",
				);
				MARKETING_VERSION = 0.1.0;
				METAL_LANGUAGE_VERSION = 2.4;
				PRODUCT_BUNDLE_IDENTIFIER = com.mamba.picme;
				SDKROOT = iphoneos;
				SWIFT_VERSION = 5.0;
				TARGETED_DEVICE_FAMILY = 1;
			};
			name = Release;
		};
		CA3336B1A58494DFA5BD6252 /* Debug */ = {
			isa = XCBuildConfiguration;
			buildSettings = {
				ALWAYS_SEARCH_USER_PATHS = NO;
				CLANG_ANALYZER_NONNULL = YES;
				CLANG_ANALYZER_NUMBER_OBJECT_CONVERSION = YES_AGGRESSIVE;
				CLANG_CXX_LANGUAGE_STANDARD = "gnu++14";
				CLANG_CXX_LIBRARY = "libc++";
				CLANG_ENABLE_MODULES = YES;
				CLANG_ENABLE_OBJC_ARC = YES;
				CLANG_ENABLE_OBJC_WEAK = YES;
				CLANG_WARN_BLOCK_CAPTURE_AUTORELEASING = YES;
				CLANG_WARN_BOOL_CONVERSION = YES;
				CLANG_WARN_COMMA = YES;
				CLANG_WARN_CONSTANT_CONVERSION = YES;
				CLANG_WARN_DEPRECATED_OBJC_IMPLEMENTATIONS = YES;
				CLANG_WARN_DIRECT_OBJC_ISA_USAGE = YES_ERROR;
				CLANG_WARN_DOCUMENTATION_COMMENTS = YES;
				CLANG_WARN_EMPTY_BODY = YES;
				CLANG_WARN_ENUM_CONVERSION = YES;
				CLANG_WARN_INFINITE_RECURSION = YES;
				CLANG_WARN_INT_CONVERSION = YES;
				CLANG_WARN_NON_LITERAL_NULL_CONVERSION = YES;
				CLANG_WARN_OBJC_IMPLICIT_RETAIN_SELF = YES;
				CLANG_WARN_OBJC_LITERAL_CONVERSION = YES;
				CLANG_WARN_OBJC_ROOT_CLASS = YES_ERROR;
				CLANG_WARN_QUOTED_INCLUDE_IN_FRAMEWORK_HEADER = YES;
				CLANG_WARN_RANGE_LOOP_ANALYSIS = YES;
				CLANG_WARN_STRICT_PROTOTYPES = YES;
				CLANG_WARN_SUSPICIOUS_MOVE = YES;
				CLANG_WARN_UNGUARDED_AVAILABILITY = YES_AGGRESSIVE;
				CLANG_WARN_UNREACHABLE_CODE = YES;
				CLANG_WARN__DUPLICATE_METHOD_MATCH = YES;
				COPY_PHASE_STRIP = NO;
				DEBUG_INFORMATION_FORMAT = dwarf;
				ENABLE_STRICT_OBJC_MSGSEND = YES;
				ENABLE_TESTABILITY = YES;
				GCC_C_LANGUAGE_STANDARD = gnu11;
				GCC_DYNAMIC_NO_PIC = NO;
				GCC_NO_COMMON_BLOCKS = YES;
				GCC_OPTIMIZATION_LEVEL = 0;
				GCC_PREPROCESSOR_DEFINITIONS = (
					"$(inherited)",
					"DEBUG=1",
				);
				GCC_WARN_64_TO_32_BIT_CONVERSION = YES;
				GCC_WARN_ABOUT_RETURN_TYPE = YES_ERROR;
				GCC_WARN_UNDECLARED_SELECTOR = YES;
				GCC_WARN_UNINITIALIZED_AUTOS = YES_AGGRESSIVE;
				GCC_WARN_UNUSED_FUNCTION = YES;
				GCC_WARN_UNUSED_VARIABLE = YES;
				IPHONEOS_DEPLOYMENT_TARGET = 16.0;
				MTL_ENABLE_DEBUG_INFO = INCLUDE_SOURCE;
				MTL_FAST_MATH = YES;
				ONLY_ACTIVE_ARCH = YES;
				PRODUCT_NAME = "$(TARGET_NAME)";
				SDKROOT = iphoneos;
				SWIFT_ACTIVE_COMPILATION_CONDITIONS = DEBUG;
				SWIFT_OPTIMIZATION_LEVEL = "-Onone";
				SWIFT_VERSION = 5.0;
			};
			name = Debug;
		};
		EA2B7FDD0613973E56D22F13 /* Release */ = {
			isa = XCBuildConfiguration;
			buildSettings = {
				BUNDLE_LOADER = "$(TEST_HOST)";
				DEVELOPMENT_TEAM = 6NPE45262A;
				GENERATE_INFOPLIST_FILE = YES;
				IPHONEOS_DEPLOYMENT_TARGET = 16.0;
				LD_RUNPATH_SEARCH_PATHS = (
					"$(inherited)",
					"@executable_path/Frameworks",
					"@loader_path/Frameworks",
				);
				PRODUCT_BUNDLE_IDENTIFIER = com.mamba.picme.PoLangTests;
				SDKROOT = iphoneos;
				TARGETED_DEVICE_FAMILY = "1,2";
				TEST_HOST = "$(BUILT_PRODUCTS_DIR)/PoLang.app/$(BUNDLE_EXECUTABLE_FOLDER_PATH)/PoLang";
			};
			name = Release;
		};
/* End XCBuildConfiguration section */

/* Begin XCConfigurationList section */
		0E3BD6BCDB742FD5F8346466 /* Build configuration list for PBXNativeTarget "PoLang" */ = {
			isa = XCConfigurationList;
			buildConfigurations = (
				278E87368B45080524A20FF0 /* Debug */,
				8F001B4F239CB6818D3455D8 /* Release */,
			);
			defaultConfigurationIsVisible = 0;
			defaultConfigurationName = Debug;
		};
		9F46A27A6EB26321B99C85ED /* Build configuration list for PBXProject "PoLang" */ = {
			isa = XCConfigurationList;
			buildConfigurations = (
				CA3336B1A58494DFA5BD6252 /* Debug */,
				47F3FAA42394FD727D1CED7F /* Release */,
			);
			defaultConfigurationIsVisible = 0;
			defaultConfigurationName = Debug;
		};
		F18D3FBDCA455240A907C446 /* Build configuration list for PBXNativeTarget "PoLangTests" */ = {
			isa = XCConfigurationList;
			buildConfigurations = (
				3E3CFAC501548BBC98D26BC8 /* Debug */,
				EA2B7FDD0613973E56D22F13 /* Release */,
			);
			defaultConfigurationIsVisible = 0;
			defaultConfigurationName = Debug;
		};
/* End XCConfigurationList section */
	};
	rootObject = EA631449E0F46B245CC09B00 /* Project object */;
}
